
Microsoft Visual Studio Solution File, Format Version 12.00
# Visual Studio Version 17
VisualStudioVersion = 17.3.32929.385
MinimumVisualStudioVersion = 10.0.40219.1
Project("{FAE04EC0-301F-11D3-BF4B-00C04F79EFBC}") = "AppMobile", "AppMobile\AppMobile.csproj", "{9DCC2CFB-947A-4561-935C-BAB8207BF071}"
EndProject
Project("{FAE04EC0-301F-11D3-BF4B-00C04F79EFBC}") = "wcfService", "wcfService\wcfService.csproj", "{0EF78A10-8318-4547-AC95-B7B91E8EACE3}"
EndProject
Global
	GlobalSection(SolutionConfigurationPlatforms) = preSolution
		Debug|Any CPU = Debug|Any CPU
		Release|Any CPU = Release|Any CPU
	EndGlobalSection
	GlobalSection(ProjectConfigurationPlatforms) = postSolution
		{9DCC2CFB-947A-4561-935C-BAB8207BF071}.Debug|Any CPU.ActiveCfg = Debug|Any CPU
		{9DCC2CFB-947A-4561-935C-BAB8207BF071}.Debug|Any CPU.Build.0 = Debug|Any CPU
		{9DCC2CFB-947A-4561-935C-BAB8207BF071}.Debug|Any CPU.Deploy.0 = Debug|Any CPU
		{9DCC2CFB-947A-4561-935C-BAB8207BF071}.Release|Any CPU.ActiveCfg = Release|Any CPU
		{9DCC2CFB-947A-4561-935C-BAB8207BF071}.Release|Any CPU.Build.0 = Release|Any CPU
		{9DCC2CFB-947A-4561-935C-BAB8207BF071}.Release|Any CPU.Deploy.0 = Release|Any CPU
		{0EF78A10-8318-4547-AC95-B7B91E8EACE3}.Debug|Any CPU.ActiveCfg = Debug|Any CPU
		{0EF78A10-8318-4547-AC95-B7B91E8EACE3}.Debug|Any CPU.Build.0 = Debug|Any CPU
		{0EF78A10-8318-4547-AC95-B7B91E8EACE3}.Release|Any CPU.ActiveCfg = Release|Any CPU
		{0EF78A10-8318-4547-AC95-B7B91E8EACE3}.Release|Any CPU.Build.0 = Release|Any CPU
	EndGlobalSection
	GlobalSection(SolutionProperties) = preSolution
		HideSolutionNode = FALSE
	EndGlobalSection
	GlobalSection(ExtensibilityGlobals) = postSolution
		SolutionGuid = {E5731859-3622-4E6F-B1C0-C56DB56136DE}
	EndGlobalSection
EndGlobal
